
Microsoft Visual Studio Solution File, Format Version 12.00
# Visual Studio Version 17
VisualStudioVersion = 17.13.35828.75 d17.13
MinimumVisualStudioVersion = 10.0.40219.1
Project("{FAE04EC0-301F-11D3-BF4B-00C04F79EFBC}") = "StudentInformationSystem", "StudentInformationSystem.csproj", "{5E3A5362-5FE4-4271-A0FC-EDA16A1C3417}"
EndProject
Global
	GlobalSection(SolutionConfigurationPlatforms) = preSolution
		Debug|Any CPU = Debug|Any CPU
		Release|Any CPU = Release|Any CPU
	EndGlobalSection
	GlobalSection(ProjectConfigurationPlatforms) = postSolution
		{5E3A5362-5FE4-4271-A0FC-EDA16A1C3417}.Debug|Any CPU.ActiveCfg = Debug|Any CPU
		{5E3A5362-5FE4-4271-A0FC-EDA16A1C3417}.Debug|Any CPU.Build.0 = Debug|Any CPU
		{5E3A5362-5FE4-4271-A0FC-EDA16A1C3417}.Release|Any CPU.ActiveCfg = Release|Any CPU
		{5E3A5362-5FE4-4271-A0FC-EDA16A1C3417}.Release|Any CPU.Build.0 = Release|Any CPU
	EndGlobalSection
	GlobalSection(SolutionProperties) = preSolution
		HideSolutionNode = FALSE
	EndGlobalSection
	GlobalSection(ExtensibilityGlobals) = postSolution
		SolutionGuid = {F1352EA5-7C4E-4D1E-8F88-DD0E853EBDC0}
	EndGlobalSection
EndGlobal
